# This file is generated by running "yarn install" inside your project.
# Manual changes might be lost - proceed with caution!

__metadata:
  version: 8
  cacheKey: 10c0

"@tsconfig/node24@npm:^24.0.3":
  version: 24.0.3
  resolution: "@tsconfig/node24@npm:24.0.3"
  checksum: 10c0/68068b503774450d533dda769785356c5722bdc6a3333646fcbcb265e02aafb6d0784619ed85de6d62414df20483428b25bf3d608955ca40b085fb1f12cc26c4
  languageName: node
  linkType: hard

"@types/node@npm:24":
  version: 24.10.1
  resolution: "@types/node@npm:24.10.1"
  dependencies:
    undici-types: "npm:~7.16.0"
  checksum: 10c0/d6bca7a78f550fbb376f236f92b405d676003a8a09a1b411f55920ef34286ee3ee51f566203920e835478784df52662b5b2af89159d9d319352e9ea21801c002
  languageName: node
  linkType: hard

"advent-of-code-2025@workspace:.":
  version: 0.0.0-use.local
  resolution: "advent-of-code-2025@workspace:."
  dependencies:
    "@tsconfig/node24": "npm:^24.0.3"
    "@types/node": "npm:24"
    prettier: "npm:^3.7.4"
    typescript: "npm:^5.9.3"
  languageName: unknown
  linkType: soft

"prettier@npm:^3.7.4":
  version: 3.7.4
  resolution: "prettier@npm:3.7.4"
  bin:
    prettier: bin/prettier.cjs
  checksum: 10c0/9675d2cd08eacb1faf1d1a2dbfe24bfab6a912b059fc9defdb380a408893d88213e794a40a2700bd29b140eb3172e0b07c852853f6e22f16f3374659a1a13389
  languageName: node
  linkType: hard

"typescript@npm:^5.9.3":
  version: 5.9.3
  resolution: "typescript@npm:5.9.3"
  bin:
    tsc: bin/tsc
    tsserver: bin/tsserver
  checksum: 10c0/6bd7552ce39f97e711db5aa048f6f9995b53f1c52f7d8667c1abdc1700c68a76a308f579cd309ce6b53646deb4e9a1be7c813a93baaf0a28ccd536a30270e1c5
  languageName: node
  linkType: hard

"typescript@patch:typescript@npm%3A^5.9.3#optional!builtin<compat/typescript>":
  version: 5.9.3
  resolution: "typescript@patch:typescript@npm%3A5.9.3#optional!builtin<compat/typescript>::version=5.9.3&hash=5786d5"
  bin:
    tsc: bin/tsc
    tsserver: bin/tsserver
  checksum: 10c0/ad09fdf7a756814dce65bc60c1657b40d44451346858eea230e10f2e95a289d9183b6e32e5c11e95acc0ccc214b4f36289dcad4bf1886b0adb84d711d336a430
  languageName: node
  linkType: hard

"undici-types@npm:~7.16.0":
  version: 7.16.0
  resolution: "undici-types@npm:7.16.0"
  checksum: 10c0/3033e2f2b5c9f1504bdc5934646cb54e37ecaca0f9249c983f7b1fc2e87c6d18399ebb05dc7fd5419e02b2e915f734d872a65da2e3eeed1813951c427d33cc9a
  languageName: node
  linkType: hard
